
Microsoft Visual Studio Solution File, Format Version 12.00
# Visual Studio Version 17
VisualStudioVersion = 17.9.34902.65
MinimumVisualStudioVersion = 10.0.40219.1
Project("{FAE04EC0-301F-11D3-BF4B-00C04F79EFBC}") = "Inventory", "Inventory\Inventory.csproj", "{533D331A-8E77-4B50-AED8-04959147900C}"
EndProject
Global
	GlobalSection(SolutionConfigurationPlatforms) = preSolution
		Debug|Any CPU = Debug|Any CPU
		Release|Any CPU = Release|Any CPU
	EndGlobalSection
	GlobalSection(ProjectConfigurationPlatforms) = postSolution
		{533D331A-8E77-4B50-AED8-04959147900C}.Debug|Any CPU.ActiveCfg = Debug|Any CPU
		{533D331A-8E77-4B50-AED8-04959147900C}.Debug|Any CPU.Build.0 = Debug|Any CPU
		{533D331A-8E77-4B50-AED8-04959147900C}.Release|Any CPU.ActiveCfg = Release|Any CPU
		{533D331A-8E77-4B50-AED8-04959147900C}.Release|Any CPU.Build.0 = Release|Any CPU
	EndGlobalSection
	GlobalSection(SolutionProperties) = preSolution
		HideSolutionNode = FALSE
	EndGlobalSection
	GlobalSection(ExtensibilityGlobals) = postSolution
		SolutionGuid = {E8C7E2AE-8B13-4B6C-822A-9D515F1D1C63}
	EndGlobalSection
EndGlobal
